
Microsoft Visual Studio Solution File, Format Version 12.00
# Visual Studio Version 17
VisualStudioVersion = 17.8.34309.116
MinimumVisualStudioVersion = 10.0.40219.1
Project("{FAE04EC0-301F-11D3-BF4B-00C04F79EFBC}") = "SiteMVC", "SiteMVC\SiteMVC.csproj", "{2F75B41D-5C4B-4AB0-BF36-2F24322D4DB1}"
EndProject
Global
	GlobalSection(SolutionConfigurationPlatforms) = preSolution
		Debug|Any CPU = Debug|Any CPU
		Release|Any CPU = Release|Any CPU
	EndGlobalSection
	GlobalSection(ProjectConfigurationPlatforms) = postSolution
		{2F75B41D-5C4B-4AB0-BF36-2F24322D4DB1}.Debug|Any CPU.ActiveCfg = Debug|Any CPU
		{2F75B41D-5C4B-4AB0-BF36-2F24322D4DB1}.Debug|Any CPU.Build.0 = Debug|Any CPU
		{2F75B41D-5C4B-4AB0-BF36-2F24322D4DB1}.Release|Any CPU.ActiveCfg = Release|Any CPU
		{2F75B41D-5C4B-4AB0-BF36-2F24322D4DB1}.Release|Any CPU.Build.0 = Release|Any CPU
	EndGlobalSection
	GlobalSection(SolutionProperties) = preSolution
		HideSolutionNode = FALSE
	EndGlobalSection
	GlobalSection(ExtensibilityGlobals) = postSolution
		SolutionGuid = {C5447043-DA27-4AD5-BF22-BE9598065C9A}
	EndGlobalSection
EndGlobal
